version = 1
revision = 3
requires-python = ">=3.11"

[[package]]
name = "fdb"
version = "2.0.4"
source = { registry = "https://pypi.org/simple" }
sdist = { url = "https://files.pythonhosted.org/packages/7d/85/6ef67344570ef5559f59412421bae15fa3b74017c110ae0c6e819690ffd3/fdb-2.0.4.tar.gz", hash = "sha256:59530dbddde830f3edd7ac66b0449c72fcc04a4c0deeb8d08320f3309eba1b91", size = 153549, upload-time = "2025-07-22T09:30:33.105Z" }
wheels = [
    { url = "https://files.pythonhosted.org/packages/34/3b/5e456e45618862d7c3fabd7e2738c852102a2e17995e5f3749fda6f017fe/fdb-2.0.4-py2.py3-none-any.whl", hash = "sha256:f679e16bcf894dbeba5769542b29545b1967d4d802d6d3e23196629dc5b92bfa", size = 161166, upload-time = "2025-07-22T09:30:34.672Z" },
]

[[package]]
name = "firebirdsql"
version = "1.4.2"
source = { registry = "https://pypi.org/simple" }
sdist = { url = "https://files.pythonhosted.org/packages/e2/57/256bde4a2951467832e165bddbf6d9af2dcd70cccf2dc6211fd5a6ecf419/firebirdsql-1.4.2.tar.gz", hash = "sha256:5d5b38d0a614ec850f7b114f45b5997063e9b673b59e4c17df6cf954066836ce", size = 91479, upload-time = "2026-01-25T02:58:00.269Z" }

[[package]]
name = "repl-nix-workspace"
version = "0.1.0"
source = { virtual = "." }
dependencies = [
    { name = "fdb" },
    { name = "firebirdsql" },
]

[package.metadata]
requires-dist = [
    { name = "fdb", specifier = ">=2.0.4" },
    { name = "firebirdsql", specifier = ">=1.4.2" },
]
